
Microsoft Visual Studio Solution File, Format Version 12.00
# Visual Studio Version 17
VisualStudioVersion = 17.1.32421.90
MinimumVisualStudioVersion = 10.0.40219.1
Project("{9A19103F-16F7-4668-BE54-9A1E7A4F7556}") = "EnergyTraderWPF", "EnergyTraderWPF\EnergyTraderWPF.csproj", "{1439D871-E9DB-4773-B884-3B11E9AC6C77}"
EndProject
Global
	GlobalSection(SolutionConfigurationPlatforms) = preSolution
		Debug|Any CPU = Debug|Any CPU
		Release|Any CPU = Release|Any CPU
	EndGlobalSection
	GlobalSection(ProjectConfigurationPlatforms) = postSolution
		{1439D871-E9DB-4773-B884-3B11E9AC6C77}.Debug|Any CPU.ActiveCfg = Debug|Any CPU
		{1439D871-E9DB-4773-B884-3B11E9AC6C77}.Debug|Any CPU.Build.0 = Debug|Any CPU
		{1439D871-E9DB-4773-B884-3B11E9AC6C77}.Release|Any CPU.ActiveCfg = Release|Any CPU
		{1439D871-E9DB-4773-B884-3B11E9AC6C77}.Release|Any CPU.Build.0 = Release|Any CPU
	EndGlobalSection
	GlobalSection(SolutionProperties) = preSolution
		HideSolutionNode = FALSE
	EndGlobalSection
	GlobalSection(ExtensibilityGlobals) = postSolution
		SolutionGuid = {D2E103E9-3871-49B1-85B3-21ED73D53385}
	EndGlobalSection
EndGlobal
